
Microsoft Visual Studio Solution File, Format Version 12.00
# Visual Studio Version 17
VisualStudioVersion = 17.14.36915.13 d17.14
MinimumVisualStudioVersion = 10.0.40219.1
Project("{FAE04EC0-301F-11D3-BF4B-00C04F79EFBC}") = "SistemaBancario", "SistemaBancario\SistemaBancario.csproj", "{6C1334A1-BA56-42AE-B83F-0EF258AB6405}"
EndProject
Global
	GlobalSection(SolutionConfigurationPlatforms) = preSolution
		Debug|Any CPU = Debug|Any CPU
		Release|Any CPU = Release|Any CPU
	EndGlobalSection
	GlobalSection(ProjectConfigurationPlatforms) = postSolution
		{6C1334A1-BA56-42AE-B83F-0EF258AB6405}.Debug|Any CPU.ActiveCfg = Debug|Any CPU
		{6C1334A1-BA56-42AE-B83F-0EF258AB6405}.Debug|Any CPU.Build.0 = Debug|Any CPU
		{6C1334A1-BA56-42AE-B83F-0EF258AB6405}.Release|Any CPU.ActiveCfg = Release|Any CPU
		{6C1334A1-BA56-42AE-B83F-0EF258AB6405}.Release|Any CPU.Build.0 = Release|Any CPU
	EndGlobalSection
	GlobalSection(SolutionProperties) = preSolution
		HideSolutionNode = FALSE
	EndGlobalSection
	GlobalSection(ExtensibilityGlobals) = postSolution
		SolutionGuid = {743D83C4-1713-44A1-AA54-85F0D709C538}
	EndGlobalSection
EndGlobal
